
Microsoft Visual Studio Solution File, Format Version 12.00
# Visual Studio 14
VisualStudioVersion = 14.0.24720.0
MinimumVisualStudioVersion = 10.0.40219.1
Project("{D954291E-2A0B-460D-934E-DC6B0785DB48}") = "Shared", "Shared\Shared.shproj", "{88C37C40-171C-4301-90C5-8232B1D21620}"
EndProject
Project("{FAE04EC0-301F-11D3-BF4B-00C04F79EFBC}") = "Browser", "Browser\Browser.csproj", "{F9DDCB5C-5396-4FCB-A75E-B1FDC7271159}"
EndProject
Project("{FAE04EC0-301F-11D3-BF4B-00C04F79EFBC}") = "Android", "Android.old\Android.csproj", "{94059EDF-C04B-4CE4-8562-BED0B7973841}"
EndProject
Global
	GlobalSection(SharedMSBuildProjectFiles) = preSolution
		Shared\Shared.projitems*{88c37c40-171c-4301-90c5-8232b1d21620}*SharedItemsImports = 13
	EndGlobalSection
	GlobalSection(SolutionConfigurationPlatforms) = preSolution
		Debug|Any CPU = Debug|Any CPU
		Release|Any CPU = Release|Any CPU
	EndGlobalSection
	GlobalSection(ProjectConfigurationPlatforms) = postSolution
		{F9DDCB5C-5396-4FCB-A75E-B1FDC7271159}.Debug|Any CPU.ActiveCfg = Debug|Any CPU
		{F9DDCB5C-5396-4FCB-A75E-B1FDC7271159}.Debug|Any CPU.Build.0 = Debug|Any CPU
		{F9DDCB5C-5396-4FCB-A75E-B1FDC7271159}.Release|Any CPU.ActiveCfg = Release|Any CPU
		{F9DDCB5C-5396-4FCB-A75E-B1FDC7271159}.Release|Any CPU.Build.0 = Release|Any CPU
		{94059EDF-C04B-4CE4-8562-BED0B7973841}.Debug|Any CPU.ActiveCfg = Debug|Any CPU
		{94059EDF-C04B-4CE4-8562-BED0B7973841}.Debug|Any CPU.Build.0 = Debug|Any CPU
		{94059EDF-C04B-4CE4-8562-BED0B7973841}.Debug|Any CPU.Deploy.0 = Debug|Any CPU
		{94059EDF-C04B-4CE4-8562-BED0B7973841}.Release|Any CPU.ActiveCfg = Release|Any CPU
		{94059EDF-C04B-4CE4-8562-BED0B7973841}.Release|Any CPU.Build.0 = Release|Any CPU
		{94059EDF-C04B-4CE4-8562-BED0B7973841}.Release|Any CPU.Deploy.0 = Release|Any CPU
	EndGlobalSection
	GlobalSection(SolutionProperties) = preSolution
		HideSolutionNode = FALSE
	EndGlobalSection
EndGlobal
